
Microsoft Visual Studio Solution File, Format Version 12.00
# Visual Studio Version 17
VisualStudioVersion = 17.4.33213.308
MinimumVisualStudioVersion = 10.0.40219.1
Project("{2150E333-8FDC-42A3-9474-1A3956D46DE8}") = "Solution Items", "Solution Items", "{1C1BEF7D-1AEC-4B3E-875F-7C398900C232}"
	ProjectSection(SolutionItems) = preProject
		global.json = global.json
	EndProjectSection
EndProject
Project("{FAE04EC0-301F-11D3-BF4B-00C04F79EFBC}") = "ZadanieRuchSA", "ZadanieRuchSA\ZadanieRuchSA.csproj", "{8EB8D593-56FD-48F3-9CDF-4B7D14E30BEF}"
EndProject
Global
	GlobalSection(SolutionConfigurationPlatforms) = preSolution
		Debug|Any CPU = Debug|Any CPU
		Release|Any CPU = Release|Any CPU
	EndGlobalSection
	GlobalSection(ProjectConfigurationPlatforms) = postSolution
		{8EB8D593-56FD-48F3-9CDF-4B7D14E30BEF}.Debug|Any CPU.ActiveCfg = Debug|Any CPU
		{8EB8D593-56FD-48F3-9CDF-4B7D14E30BEF}.Debug|Any CPU.Build.0 = Debug|Any CPU
		{8EB8D593-56FD-48F3-9CDF-4B7D14E30BEF}.Release|Any CPU.ActiveCfg = Release|Any CPU
		{8EB8D593-56FD-48F3-9CDF-4B7D14E30BEF}.Release|Any CPU.Build.0 = Release|Any CPU
	EndGlobalSection
	GlobalSection(SolutionProperties) = preSolution
		HideSolutionNode = FALSE
	EndGlobalSection
	GlobalSection(ExtensibilityGlobals) = postSolution
		SolutionGuid = {89D353AB-756D-4519-A19E-5C6DA99EB311}
	EndGlobalSection
EndGlobal
